Microsoft Visual Studio Solution File, Format Version 12.00
# Visual Studio Version 17
VisualStudioVersion = 17.0.31903.59
MinimumVisualStudioVersion = 10.0.40219.1
Project("{8BC9CEB8-8B4A-11D0-8D11-00A0C91BC942}") = "TemplateCompiler", "src\engine\shared\application\TemplateCompiler\build\win32\TemplateCompiler.vcxproj", "{355DDF1F-1DCA-4667-A1F6-11B66FBC4228}"
EndProject
Project("{8BC9CEB8-8B4A-11D0-8D11-00A0C91BC942}") = "TemplateDefinitionCompiler", "src\engine\shared\application\TemplateDefinitionCompiler\build\win32\TemplateDefinitionCompiler.vcxproj", "{D21EE827-D349-4EFB-B93B-4B5668AAE8B3}"
EndProject
Project("{8BC9CEB8-8B4A-11D0-8D11-00A0C91BC942}") = "TreeFileBuilder", "src\engine\shared\application\TreeFileBuilder\build\win32\TreeFileBuilder.vcxproj", "{63F95846-C17B-4977-BEDD-D49852137A3D}"
EndProject
Project("{8BC9CEB8-8B4A-11D0-8D11-00A0C91BC942}") = "DataTableTool", "src\engine\shared\application\DataTableTool\build\win32\DataTableTool.vcxproj", "{9262C7EE-E593-46B1-AC7E-F12E5055EB57}"
EndProject
Project("{8BC9CEB8-8B4A-11D0-8D11-00A0C91BC942}") = "ArmorExporterTool", "src\engine\shared\application\ArmorExporterTool\build\win32\ArmorExporterTool.vcxproj", "{86D00284-6EAE-4D6C-989F-585AB5B44A14}"
EndProject
Project("{8BC9CEB8-8B4A-11D0-8D11-00A0C91BC942}") = "CoreWeaponExporterTool", "src\engine\shared\application\CoreWeaponExporterTool\build\win32\CoreWeaponExporterTool.vcxproj", "{5322A6D8-E2FE-420C-B719-3D061EAB4593}"
EndProject
Project("{8BC9CEB8-8B4A-11D0-8D11-00A0C91BC942}") = "archive", "src\external\ours\library\archive\build\win32\archive.vcxproj", "{52153865-1ABF-4FBB-84C4-0FC439716F1E}"
EndProject
Project("{8BC9CEB8-8B4A-11D0-8D11-00A0C91BC942}") = "fileInterface", "src\external\ours\library\fileInterface\build\win32\fileInterface.vcxproj", "{DE93996C-CB51-4D61-85A0-A9DFC677445F}"
EndProject
Project("{8BC9CEB8-8B4A-11D0-8D11-00A0C91BC942}") = "localization", "src\external\ours\library\localization\build\win32\localization.vcxproj", "{0FB11BC8-3BD1-4471-8DDA-DA3BC05937B2}"
EndProject
Project("{8BC9CEB8-8B4A-11D0-8D11-00A0C91BC942}") = "localizationArchive", "src\external\ours\library\localizationArchive\build\win32\localizationArchive.vcxproj", "{A8036EC1-9682-4315-A3D2-6B26C3245D50}"
EndProject
Project("{8BC9CEB8-8B4A-11D0-8D11-00A0C91BC942}") = "sharedCompression", "src\engine\shared\library\sharedCompression\build\win32\sharedCompression.vcxproj", "{6BD52B35-92CA-44E4-995E-2B79C7398183}"
EndProject
Project("{8BC9CEB8-8B4A-11D0-8D11-00A0C91BC942}") = "sharedDebug", "src\engine\shared\library\sharedDebug\build\win32\sharedDebug.vcxproj", "{F3245C29-7760-4956-B1B7-FC483BE417CD}"
EndProject
Project("{8BC9CEB8-8B4A-11D0-8D11-00A0C91BC942}") = "sharedFile", "src\engine\shared\library\sharedFile\build\win32\sharedFile.vcxproj", "{E0F9D922-DAA7-475E-A95A-7BC540ED58FE}"
EndProject
Project("{8BC9CEB8-8B4A-11D0-8D11-00A0C91BC942}") = "sharedFoundation", "src\engine\shared\library\sharedFoundation\build\win32\sharedFoundation.vcxproj", "{C595C10E-ADA8-429A-896A-8904A46737D3}"
EndProject
Project("{8BC9CEB8-8B4A-11D0-8D11-00A0C91BC942}") = "sharedFoundationTypes", "src\engine\shared\library\sharedFoundationTypes\build\win32\sharedFoundationTypes.vcxproj", "{D6CC353F-4FD1-4AEB-A984-E7B2E9CE4E69}"
EndProject
Project("{8BC9CEB8-8B4A-11D0-8D11-00A0C91BC942}") = "sharedIoWin", "src\engine\shared\library\sharedIoWin\build\win32\sharedIoWin.vcxproj", "{03819289-4E8B-44E9-9F3B-A3243C9797C9}"
EndProject
Project("{8BC9CEB8-8B4A-11D0-8D11-00A0C91BC942}") = "sharedLog", "src\engine\shared\library\sharedLog\build\win32\sharedLog.vcxproj", "{2AE0CEF0-C4F2-4786-A026-8338FB09D61B}"
EndProject
Project("{8BC9CEB8-8B4A-11D0-8D11-00A0C91BC942}") = "sharedMath", "src\engine\shared\library\sharedMath\build\win32\sharedMath.vcxproj", "{5789EA7C-6596-4DCC-A9FB-DD7582888F90}"
EndProject
Project("{8BC9CEB8-8B4A-11D0-8D11-00A0C91BC942}") = "sharedMathArchive", "src\engine\shared\library\sharedMathArchive\build\win32\sharedMathArchive.vcxproj", "{0202ADB3-5587-4138-A626-52B7DB52FBBA}"
EndProject
Project("{8BC9CEB8-8B4A-11D0-8D11-00A0C91BC942}") = "sharedMemoryManager", "src\engine\shared\library\sharedMemoryManager\build\win32\sharedMemoryManager.vcxproj", "{DC2CD926-8EA3-4ADD-AA62-A95CCA8AC7DD}"
EndProject
Project("{8BC9CEB8-8B4A-11D0-8D11-00A0C91BC942}") = "sharedMessageDispatch", "src\engine\shared\library\sharedMessageDispatch\build\win32\sharedMessageDispatch.vcxproj", "{C87164F5-14A9-403C-8BC4-217FD40731EA}"
EndProject
Project("{8BC9CEB8-8B4A-11D0-8D11-00A0C91BC942}") = "sharedNetworkMessages", "src\engine\shared\library\sharedNetworkMessages\build\win32\sharedNetworkMessages.vcxproj", "{DECF2964-3A66-4FA6-AB27-D4507C5480EA}"
EndProject
Project("{8BC9CEB8-8B4A-11D0-8D11-00A0C91BC942}") = "sharedObject", "src\engine\shared\library\sharedObject\build\win32\sharedObject.vcxproj", "{AC1277C1-CE5A-4ECE-9BE3-6B4647B657A5}"
EndProject
Project("{8BC9CEB8-8B4A-11D0-8D11-00A0C91BC942}") = "sharedRandom", "src\engine\shared\library\sharedRandom\build\win32\sharedRandom.vcxproj", "{2E6982E0-DCB6-4ED9-BFAD-D29DAEEA6AD2}"
EndProject
Project("{8BC9CEB8-8B4A-11D0-8D11-00A0C91BC942}") = "sharedXml", "src\engine\shared\library\sharedXml\build\win32\sharedXml.vcxproj", "{51E2988C-CE2D-42D7-A27C-06A322B4AAC2}"
EndProject
Project("{8BC9CEB8-8B4A-11D0-8D11-00A0C91BC942}") = "sharedRegex", "src\engine\shared\library\sharedRegex\build\win32\sharedRegex.vcxproj", "{1D87A2E7-F0CF-42E9-BC38-846C53622C40}"
EndProject
Project("{8BC9CEB8-8B4A-11D0-8D11-00A0C91BC942}") = "sharedSwitcher", "src\engine\shared\library\sharedSwitcher\build\win32\sharedSwitcher.vcxproj", "{070BABEB-131A-4DC7-8621-69407C531F8E}"
EndProject
Project("{8BC9CEB8-8B4A-11D0-8D11-00A0C91BC942}") = "sharedSynchronization", "src\engine\shared\library\sharedSynchronization\build\win32\sharedSynchronization.vcxproj", "{2FE4E38D-BE7D-4E3B-9613-63E9F01855F4}"
EndProject
Project("{8BC9CEB8-8B4A-11D0-8D11-00A0C91BC942}") = "sharedTemplate", "src\engine\shared\library\sharedTemplate\build\win32\sharedTemplate.vcxproj", "{F547B62A-8F5C-48FC-9B3A-103736A41D03}"
EndProject
Project("{8BC9CEB8-8B4A-11D0-8D11-00A0C91BC942}") = "sharedTemplateDefinition", "src\engine\shared\library\sharedTemplateDefinition\build\win32\sharedTemplateDefinition.vcxproj", "{8E0FCF44-63B5-4137-9BAA-A740EB10ED94}"
EndProject
Project("{8BC9CEB8-8B4A-11D0-8D11-00A0C91BC942}") = "sharedTerrain", "src\engine\shared\library\sharedTerrain\build\win32\sharedTerrain.vcxproj", "{6612CC35-6931-4AC6-A315-E955CA60B643}"
EndProject
Project("{8BC9CEB8-8B4A-11D0-8D11-00A0C91BC942}") = "sharedThread", "src\engine\shared\library\sharedThread\build\win32\sharedThread.vcxproj", "{858F7DCE-325A-467C-9DDA-2FE40217286F}"
EndProject
Project("{8BC9CEB8-8B4A-11D0-8D11-00A0C91BC942}") = "sharedUtility", "src\engine\shared\library\sharedUtility\build\win32\sharedUtility.vcxproj", "{52DF0D16-D070-47FC-B987-8D80B027D114}"
EndProject
Project("{8BC9CEB8-8B4A-11D0-8D11-00A0C91BC942}") = "unicode", "src\external\ours\library\unicode\build\win32\unicode.vcxproj", "{B97963EF-49E4-477E-85FF-E7FEE7C626D7}"
EndProject
Project("{8BC9CEB8-8B4A-11D0-8D11-00A0C91BC942}") = "unicodeArchive", "src\external\ours\library\unicodeArchive\build\win32\unicodeArchive.vcxproj", "{41269A52-38B8-4F9A-AE38-1103BB03A10B}"
EndProject
Global
	GlobalSection(SolutionConfigurationPlatforms) = preSolution
		Debug|Win32 = Debug|Win32
		Release|Win32 = Release|Win32
	EndGlobalSection
	GlobalSection(ProjectConfigurationPlatforms) = postSolution
		{355DDF1F-1DCA-4667-A1F6-11B66FBC4228}.Debug|Win32.ActiveCfg = Debug|Win32
		{355DDF1F-1DCA-4667-A1F6-11B66FBC4228}.Debug|Win32.Build.0 = Debug|Win32
		{355DDF1F-1DCA-4667-A1F6-11B66FBC4228}.Release|Win32.ActiveCfg = Release|Win32
		{355DDF1F-1DCA-4667-A1F6-11B66FBC4228}.Release|Win32.Build.0 = Release|Win32
		{D21EE827-D349-4EFB-B93B-4B5668AAE8B3}.Debug|Win32.ActiveCfg = Debug|Win32
		{D21EE827-D349-4EFB-B93B-4B5668AAE8B3}.Debug|Win32.Build.0 = Debug|Win32
		{D21EE827-D349-4EFB-B93B-4B5668AAE8B3}.Release|Win32.ActiveCfg = Release|Win32
		{D21EE827-D349-4EFB-B93B-4B5668AAE8B3}.Release|Win32.Build.0 = Release|Win32
		{63F95846-C17B-4977-BEDD-D49852137A3D}.Debug|Win32.ActiveCfg = Debug|Win32
		{63F95846-C17B-4977-BEDD-D49852137A3D}.Debug|Win32.Build.0 = Debug|Win32
		{63F95846-C17B-4977-BEDD-D49852137A3D}.Release|Win32.ActiveCfg = Release|Win32
		{63F95846-C17B-4977-BEDD-D49852137A3D}.Release|Win32.Build.0 = Release|Win32
		{52153865-1ABF-4FBB-84C4-0FC439716F1E}.Debug|Win32.ActiveCfg = Debug|Win32
		{52153865-1ABF-4FBB-84C4-0FC439716F1E}.Debug|Win32.Build.0 = Debug|Win32
		{52153865-1ABF-4FBB-84C4-0FC439716F1E}.Release|Win32.ActiveCfg = Release|Win32
		{52153865-1ABF-4FBB-84C4-0FC439716F1E}.Release|Win32.Build.0 = Release|Win32
		{DE93996C-CB51-4D61-85A0-A9DFC677445F}.Debug|Win32.ActiveCfg = Debug|Win32
		{DE93996C-CB51-4D61-85A0-A9DFC677445F}.Debug|Win32.Build.0 = Debug|Win32
		{DE93996C-CB51-4D61-85A0-A9DFC677445F}.Release|Win32.ActiveCfg = Release|Win32
		{DE93996C-CB51-4D61-85A0-A9DFC677445F}.Release|Win32.Build.0 = Release|Win32
		{0FB11BC8-3BD1-4471-8DDA-DA3BC05937B2}.Debug|Win32.ActiveCfg = Debug|Win32
		{0FB11BC8-3BD1-4471-8DDA-DA3BC05937B2}.Debug|Win32.Build.0 = Debug|Win32
		{0FB11BC8-3BD1-4471-8DDA-DA3BC05937B2}.Release|Win32.ActiveCfg = Release|Win32
		{0FB11BC8-3BD1-4471-8DDA-DA3BC05937B2}.Release|Win32.Build.0 = Release|Win32
		{A8036EC1-9682-4315-A3D2-6B26C3245D50}.Debug|Win32.ActiveCfg = Debug|Win32
		{A8036EC1-9682-4315-A3D2-6B26C3245D50}.Debug|Win32.Build.0 = Debug|Win32
		{A8036EC1-9682-4315-A3D2-6B26C3245D50}.Release|Win32.ActiveCfg = Release|Win32
		{A8036EC1-9682-4315-A3D2-6B26C3245D50}.Release|Win32.Build.0 = Release|Win32
		{6BD52B35-92CA-44E4-995E-2B79C7398183}.Debug|Win32.ActiveCfg = Debug|Win32
		{6BD52B35-92CA-44E4-995E-2B79C7398183}.Debug|Win32.Build.0 = Debug|Win32
		{6BD52B35-92CA-44E4-995E-2B79C7398183}.Release|Win32.ActiveCfg = Release|Win32
		{6BD52B35-92CA-44E4-995E-2B79C7398183}.Release|Win32.Build.0 = Release|Win32
		{F3245C29-7760-4956-B1B7-FC483BE417CD}.Debug|Win32.ActiveCfg = Debug|Win32
		{F3245C29-7760-4956-B1B7-FC483BE417CD}.Debug|Win32.Build.0 = Debug|Win32
		{F3245C29-7760-4956-B1B7-FC483BE417CD}.Release|Win32.ActiveCfg = Release|Win32
		{F3245C29-7760-4956-B1B7-FC483BE417CD}.Release|Win32.Build.0 = Release|Win32
		{E0F9D922-DAA7-475E-A95A-7BC540ED58FE}.Debug|Win32.ActiveCfg = Debug|Win32
		{E0F9D922-DAA7-475E-A95A-7BC540ED58FE}.Debug|Win32.Build.0 = Debug|Win32
		{E0F9D922-DAA7-475E-A95A-7BC540ED58FE}.Release|Win32.ActiveCfg = Release|Win32
		{E0F9D922-DAA7-475E-A95A-7BC540ED58FE}.Release|Win32.Build.0 = Release|Win32
		{C595C10E-ADA8-429A-896A-8904A46737D3}.Debug|Win32.ActiveCfg = Debug|Win32
		{C595C10E-ADA8-429A-896A-8904A46737D3}.Debug|Win32.Build.0 = Debug|Win32
		{C595C10E-ADA8-429A-896A-8904A46737D3}.Release|Win32.ActiveCfg = Release|Win32
		{C595C10E-ADA8-429A-896A-8904A46737D3}.Release|Win32.Build.0 = Release|Win32
		{D6CC353F-4FD1-4AEB-A984-E7B2E9CE4E69}.Debug|Win32.ActiveCfg = Debug|Win32
		{D6CC353F-4FD1-4AEB-A984-E7B2E9CE4E69}.Debug|Win32.Build.0 = Debug|Win32
		{D6CC353F-4FD1-4AEB-A984-E7B2E9CE4E69}.Release|Win32.ActiveCfg = Release|Win32
		{D6CC353F-4FD1-4AEB-A984-E7B2E9CE4E69}.Release|Win32.Build.0 = Release|Win32
		{03819289-4E8B-44E9-9F3B-A3243C9797C9}.Debug|Win32.ActiveCfg = Debug|Win32
		{03819289-4E8B-44E9-9F3B-A3243C9797C9}.Debug|Win32.Build.0 = Debug|Win32
		{03819289-4E8B-44E9-9F3B-A3243C9797C9}.Release|Win32.ActiveCfg = Release|Win32
		{03819289-4E8B-44E9-9F3B-A3243C9797C9}.Release|Win32.Build.0 = Release|Win32
		{2AE0CEF0-C4F2-4786-A026-8338FB09D61B}.Debug|Win32.ActiveCfg = Debug|Win32
		{2AE0CEF0-C4F2-4786-A026-8338FB09D61B}.Debug|Win32.Build.0 = Debug|Win32
		{2AE0CEF0-C4F2-4786-A026-8338FB09D61B}.Release|Win32.ActiveCfg = Release|Win32
		{2AE0CEF0-C4F2-4786-A026-8338FB09D61B}.Release|Win32.Build.0 = Release|Win32
		{5789EA7C-6596-4DCC-A9FB-DD7582888F90}.Debug|Win32.ActiveCfg = Debug|Win32
		{5789EA7C-6596-4DCC-A9FB-DD7582888F90}.Debug|Win32.Build.0 = Debug|Win32
		{5789EA7C-6596-4DCC-A9FB-DD7582888F90}.Release|Win32.ActiveCfg = Release|Win32
		{5789EA7C-6596-4DCC-A9FB-DD7582888F90}.Release|Win32.Build.0 = Release|Win32
		{0202ADB3-5587-4138-A626-52B7DB52FBBA}.Debug|Win32.ActiveCfg = Debug|Win32
		{0202ADB3-5587-4138-A626-52B7DB52FBBA}.Debug|Win32.Build.0 = Debug|Win32
		{0202ADB3-5587-4138-A626-52B7DB52FBBA}.Release|Win32.ActiveCfg = Release|Win32
		{0202ADB3-5587-4138-A626-52B7DB52FBBA}.Release|Win32.Build.0 = Release|Win32
		{DC2CD926-8EA3-4ADD-AA62-A95CCA8AC7DD}.Debug|Win32.ActiveCfg = Debug|Win32
		{DC2CD926-8EA3-4ADD-AA62-A95CCA8AC7DD}.Debug|Win32.Build.0 = Debug|Win32
		{DC2CD926-8EA3-4ADD-AA62-A95CCA8AC7DD}.Release|Win32.ActiveCfg = Release|Win32
		{DC2CD926-8EA3-4ADD-AA62-A95CCA8AC7DD}.Release|Win32.Build.0 = Release|Win32
		{C87164F5-14A9-403C-8BC4-217FD40731EA}.Debug|Win32.ActiveCfg = Debug|Win32
		{C87164F5-14A9-403C-8BC4-217FD40731EA}.Debug|Win32.Build.0 = Debug|Win32
		{C87164F5-14A9-403C-8BC4-217FD40731EA}.Release|Win32.ActiveCfg = Release|Win32
		{C87164F5-14A9-403C-8BC4-217FD40731EA}.Release|Win32.Build.0 = Release|Win32
		{DECF2964-3A66-4FA6-AB27-D4507C5480EA}.Debug|Win32.ActiveCfg = Debug|Win32
		{DECF2964-3A66-4FA6-AB27-D4507C5480EA}.Debug|Win32.Build.0 = Debug|Win32
		{DECF2964-3A66-4FA6-AB27-D4507C5480EA}.Release|Win32.ActiveCfg = Release|Win32
		{DECF2964-3A66-4FA6-AB27-D4507C5480EA}.Release|Win32.Build.0 = Release|Win32
		{AC1277C1-CE5A-4ECE-9BE3-6B4647B657A5}.Debug|Win32.ActiveCfg = Debug|Win32
		{AC1277C1-CE5A-4ECE-9BE3-6B4647B657A5}.Debug|Win32.Build.0 = Debug|Win32
		{AC1277C1-CE5A-4ECE-9BE3-6B4647B657A5}.Release|Win32.ActiveCfg = Release|Win32
		{AC1277C1-CE5A-4ECE-9BE3-6B4647B657A5}.Release|Win32.Build.0 = Release|Win32
		{2E6982E0-DCB6-4ED9-BFAD-D29DAEEA6AD2}.Debug|Win32.ActiveCfg = Debug|Win32
		{2E6982E0-DCB6-4ED9-BFAD-D29DAEEA6AD2}.Debug|Win32.Build.0 = Debug|Win32
		{2E6982E0-DCB6-4ED9-BFAD-D29DAEEA6AD2}.Release|Win32.ActiveCfg = Release|Win32
		{2E6982E0-DCB6-4ED9-BFAD-D29DAEEA6AD2}.Release|Win32.Build.0 = Release|Win32
		{51E2988C-CE2D-42D7-A27C-06A322B4AAC2}.Debug|Win32.ActiveCfg = Debug|Win32
		{51E2988C-CE2D-42D7-A27C-06A322B4AAC2}.Debug|Win32.Build.0 = Debug|Win32
		{51E2988C-CE2D-42D7-A27C-06A322B4AAC2}.Release|Win32.ActiveCfg = Release|Win32
		{51E2988C-CE2D-42D7-A27C-06A322B4AAC2}.Release|Win32.Build.0 = Release|Win32
		{9262C7EE-E593-46B1-AC7E-F12E5055EB57}.Debug|Win32.ActiveCfg = Debug|Win32
		{9262C7EE-E593-46B1-AC7E-F12E5055EB57}.Debug|Win32.Build.0 = Debug|Win32
		{9262C7EE-E593-46B1-AC7E-F12E5055EB57}.Release|Win32.ActiveCfg = Release|Win32
		{9262C7EE-E593-46B1-AC7E-F12E5055EB57}.Release|Win32.Build.0 = Release|Win32
		{86D00284-6EAE-4D6C-989F-585AB5B44A14}.Debug|Win32.ActiveCfg = Debug|Win32
		{86D00284-6EAE-4D6C-989F-585AB5B44A14}.Debug|Win32.Build.0 = Debug|Win32
		{86D00284-6EAE-4D6C-989F-585AB5B44A14}.Release|Win32.ActiveCfg = Release|Win32
		{86D00284-6EAE-4D6C-989F-585AB5B44A14}.Release|Win32.Build.0 = Release|Win32
		{5322A6D8-E2FE-420C-B719-3D061EAB4593}.Debug|Win32.ActiveCfg = Debug|Win32
		{5322A6D8-E2FE-420C-B719-3D061EAB4593}.Debug|Win32.Build.0 = Debug|Win32
		{5322A6D8-E2FE-420C-B719-3D061EAB4593}.Release|Win32.ActiveCfg = Release|Win32
		{5322A6D8-E2FE-420C-B719-3D061EAB4593}.Release|Win32.Build.0 = Release|Win32
		{1D87A2E7-F0CF-42E9-BC38-846C53622C40}.Debug|Win32.ActiveCfg = Debug|Win32
		{1D87A2E7-F0CF-42E9-BC38-846C53622C40}.Debug|Win32.Build.0 = Debug|Win32
		{1D87A2E7-F0CF-42E9-BC38-846C53622C40}.Release|Win32.ActiveCfg = Release|Win32
		{1D87A2E7-F0CF-42E9-BC38-846C53622C40}.Release|Win32.Build.0 = Release|Win32
		{070BABEB-131A-4DC7-8621-69407C531F8E}.Debug|Win32.ActiveCfg = Debug|Win32
		{070BABEB-131A-4DC7-8621-69407C531F8E}.Debug|Win32.Build.0 = Debug|Win32
		{070BABEB-131A-4DC7-8621-69407C531F8E}.Release|Win32.ActiveCfg = Release|Win32
		{070BABEB-131A-4DC7-8621-69407C531F8E}.Release|Win32.Build.0 = Release|Win32
		{2FE4E38D-BE7D-4E3B-9613-63E9F01855F4}.Debug|Win32.ActiveCfg = Debug|Win32
		{2FE4E38D-BE7D-4E3B-9613-63E9F01855F4}.Debug|Win32.Build.0 = Debug|Win32
		{2FE4E38D-BE7D-4E3B-9613-63E9F01855F4}.Release|Win32.ActiveCfg = Release|Win32
		{2FE4E38D-BE7D-4E3B-9613-63E9F01855F4}.Release|Win32.Build.0 = Release|Win32
		{F547B62A-8F5C-48FC-9B3A-103736A41D03}.Debug|Win32.ActiveCfg = Debug|Win32
		{F547B62A-8F5C-48FC-9B3A-103736A41D03}.Debug|Win32.Build.0 = Debug|Win32
		{F547B62A-8F5C-48FC-9B3A-103736A41D03}.Release|Win32.ActiveCfg = Release|Win32
		{F547B62A-8F5C-48FC-9B3A-103736A41D03}.Release|Win32.Build.0 = Release|Win32
		{8E0FCF44-63B5-4137-9BAA-A740EB10ED94}.Debug|Win32.ActiveCfg = Debug|Win32
		{8E0FCF44-63B5-4137-9BAA-A740EB10ED94}.Debug|Win32.Build.0 = Debug|Win32
		{8E0FCF44-63B5-4137-9BAA-A740EB10ED94}.Release|Win32.ActiveCfg = Release|Win32
		{8E0FCF44-63B5-4137-9BAA-A740EB10ED94}.Release|Win32.Build.0 = Release|Win32
		{6612CC35-6931-4AC6-A315-E955CA60B643}.Debug|Win32.ActiveCfg = Debug|Win32
		{6612CC35-6931-4AC6-A315-E955CA60B643}.Debug|Win32.Build.0 = Debug|Win32
		{6612CC35-6931-4AC6-A315-E955CA60B643}.Release|Win32.ActiveCfg = Release|Win32
		{6612CC35-6931-4AC6-A315-E955CA60B643}.Release|Win32.Build.0 = Release|Win32
		{858F7DCE-325A-467C-9DDA-2FE40217286F}.Debug|Win32.ActiveCfg = Debug|Win32
		{858F7DCE-325A-467C-9DDA-2FE40217286F}.Debug|Win32.Build.0 = Debug|Win32
		{858F7DCE-325A-467C-9DDA-2FE40217286F}.Release|Win32.ActiveCfg = Release|Win32
		{858F7DCE-325A-467C-9DDA-2FE40217286F}.Release|Win32.Build.0 = Release|Win32
		{52DF0D16-D070-47FC-B987-8D80B027D114}.Debug|Win32.ActiveCfg = Debug|Win32
		{52DF0D16-D070-47FC-B987-8D80B027D114}.Debug|Win32.Build.0 = Debug|Win32
		{52DF0D16-D070-47FC-B987-8D80B027D114}.Release|Win32.ActiveCfg = Release|Win32
		{52DF0D16-D070-47FC-B987-8D80B027D114}.Release|Win32.Build.0 = Release|Win32
		{B97963EF-49E4-477E-85FF-E7FEE7C626D7}.Debug|Win32.ActiveCfg = Debug|Win32
		{B97963EF-49E4-477E-85FF-E7FEE7C626D7}.Debug|Win32.Build.0 = Debug|Win32
		{B97963EF-49E4-477E-85FF-E7FEE7C626D7}.Release|Win32.ActiveCfg = Release|Win32
		{B97963EF-49E4-477E-85FF-E7FEE7C626D7}.Release|Win32.Build.0 = Release|Win32
		{41269A52-38B8-4F9A-AE38-1103BB03A10B}.Debug|Win32.ActiveCfg = Debug|Win32
		{41269A52-38B8-4F9A-AE38-1103BB03A10B}.Debug|Win32.Build.0 = Debug|Win32
		{41269A52-38B8-4F9A-AE38-1103BB03A10B}.Release|Win32.ActiveCfg = Release|Win32
		{41269A52-38B8-4F9A-AE38-1103BB03A10B}.Release|Win32.Build.0 = Release|Win32
	EndGlobalSection
	GlobalSection(SolutionProperties) = preSolution
		HideSolutionNode = FALSE
	EndGlobalSection
EndGlobal
